<Solution>
  <Folder Name="/Элементы решения/">
    <File Path="docker-compose.yml" />
  </Folder>
  <Project Path="MatchmakingEngine.Application/MatchmakingEngine.Application.csproj" Id="ffe22f54-d85e-4914-8000-d3f7158fbedc" />
  <Project Path="MatchmakingEngine.Domain/MatchmakingEngine.Domain.csproj" Id="998e6e2d-df39-46f4-b474-1c47979eac86" />
  <Project Path="MatchmakingEngine.Infrastructure/MatchmakingEngine.Infrastructure.csproj" Id="9aad7cc5-f139-4ec7-8e04-e0dfd6450075" />
  <Project Path="MatchmakingEngine/MatchmakingEngine.csproj" />
  <Project Path="MatchmakingEngine/MatchmakingEngine.Tests/MatchmakingEngine.Tests.csproj" />
</Solution>
